
Microsoft Visual Studio Solution File, Format Version 12.00
# Visual Studio Version 16
VisualStudioVersion = 16.0.31205.134
MinimumVisualStudioVersion = 10.0.40219.1
Project("{9A19103F-16F7-4668-BE54-9A1E7A4F7556}") = "Backend", "Backend\Backend.csproj", "{40A6CB29-AC0B-4581-8F8F-EE683CC103C9}"
EndProject
Global
	GlobalSection(SolutionConfigurationPlatforms) = preSolution
		Debug|Any CPU = Debug|Any CPU
		Release|Any CPU = Release|Any CPU
	EndGlobalSection
	GlobalSection(ProjectConfigurationPlatforms) = postSolution
		{40A6CB29-AC0B-4581-8F8F-EE683CC103C9}.Debug|Any CPU.ActiveCfg = Debug|Any CPU
		{40A6CB29-AC0B-4581-8F8F-EE683CC103C9}.Debug|Any CPU.Build.0 = Debug|Any CPU
		{40A6CB29-AC0B-4581-8F8F-EE683CC103C9}.Release|Any CPU.ActiveCfg = Release|Any CPU
		{40A6CB29-AC0B-4581-8F8F-EE683CC103C9}.Release|Any CPU.Build.0 = Release|Any CPU
	EndGlobalSection
	GlobalSection(SolutionProperties) = preSolution
		HideSolutionNode = FALSE
	EndGlobalSection
	GlobalSection(ExtensibilityGlobals) = postSolution
		SolutionGuid = {FB667D0E-D15C-4669-8F53-494FD69F3FC7}
	EndGlobalSection
EndGlobal
